
Microsoft Visual Studio Solution File, Format Version 12.00
# Visual Studio Version 16
VisualStudioVersion = 16.0.31829.152
MinimumVisualStudioVersion = 10.0.40219.1
Project("{FAE04EC0-301F-11D3-BF4B-00C04F79EFBC}") = "iPhone resell system DB", "iPhone resell system DB\iPhone resell system DB.csproj", "{4DB779E5-529F-4D8E-AE40-D6319C7F3B55}"
EndProject
Global
	GlobalSection(SolutionConfigurationPlatforms) = preSolution
		Debug|Any CPU = Debug|Any CPU
		Release|Any CPU = Release|Any CPU
	EndGlobalSection
	GlobalSection(ProjectConfigurationPlatforms) = postSolution
		{4DB779E5-529F-4D8E-AE40-D6319C7F3B55}.Debug|Any CPU.ActiveCfg = Debug|Any CPU
		{4DB779E5-529F-4D8E-AE40-D6319C7F3B55}.Debug|Any CPU.Build.0 = Debug|Any CPU
		{4DB779E5-529F-4D8E-AE40-D6319C7F3B55}.Release|Any CPU.ActiveCfg = Release|Any CPU
		{4DB779E5-529F-4D8E-AE40-D6319C7F3B55}.Release|Any CPU.Build.0 = Release|Any CPU
	EndGlobalSection
	GlobalSection(SolutionProperties) = preSolution
		HideSolutionNode = FALSE
	EndGlobalSection
	GlobalSection(ExtensibilityGlobals) = postSolution
		SolutionGuid = {9BE76D2C-5E5A-45B5-AB33-0606C892D16E}
	EndGlobalSection
EndGlobal
